
Microsoft Visual Studio Solution File, Format Version 12.00
# Visual Studio Version 16
VisualStudioVersion = 16.0.30225.117
MinimumVisualStudioVersion = 10.0.40219.1
Project("{9A19103F-16F7-4668-BE54-9A1E7A4F7556}") = "VirtualHole.SDK.Legacy", "VirtualHole.SDK\VirtualHole.SDK.Legacy.csproj", "{6A27DD80-815B-482B-81F7-441FD659AAD2}"
EndProject
Project("{FAE04EC0-301F-11D3-BF4B-00C04F79EFBC}") = "VirtualHole.API", "VirtualHole.API\VirtualHole.API.csproj", "{E9E25B62-8C84-43FD-BF35-57B33843CDA9}"
EndProject
Project("{FAE04EC0-301F-11D3-BF4B-00C04F79EFBC}") = "VirtualHole.Scraper", "VirtualHole.Scraper\VirtualHole.Scraper.csproj", "{D1708660-F198-4D88-A132-FFB00B86659F}"
EndProject
Project("{9A19103F-16F7-4668-BE54-9A1E7A4F7556}") = "VirtualHole.SDK.V1", "VirtualHole.SDK.V1\VirtualHole.SDK.V1.csproj", "{D654E642-B6D5-408C-A95B-D026E97FF067}"
EndProject
Project("{FAE04EC0-301F-11D3-BF4B-00C04F79EFBC}") = "VirtualHole.SDK.V1.Tests", "VirtualHole.SDK.V1.Tests\VirtualHole.SDK.V1.Tests.csproj", "{4556B6FA-7571-4B04-8586-13C53E3F5C49}"
EndProject
Project("{FAE04EC0-301F-11D3-BF4B-00C04F79EFBC}") = "VirtualHole.Sandbox", "VirtualHole.Sandbox\VirtualHole.Sandbox.csproj", "{3526C29D-637C-4F3A-91C7-A2DB84AAA011}"
EndProject
Global
	GlobalSection(SolutionConfigurationPlatforms) = preSolution
		Debug|Any CPU = Debug|Any CPU
		Release|Any CPU = Release|Any CPU
	EndGlobalSection
	GlobalSection(ProjectConfigurationPlatforms) = postSolution
		{6A27DD80-815B-482B-81F7-441FD659AAD2}.Debug|Any CPU.ActiveCfg = Debug|Any CPU
		{6A27DD80-815B-482B-81F7-441FD659AAD2}.Debug|Any CPU.Build.0 = Debug|Any CPU
		{6A27DD80-815B-482B-81F7-441FD659AAD2}.Release|Any CPU.ActiveCfg = Release|Any CPU
		{6A27DD80-815B-482B-81F7-441FD659AAD2}.Release|Any CPU.Build.0 = Release|Any CPU
		{E9E25B62-8C84-43FD-BF35-57B33843CDA9}.Debug|Any CPU.ActiveCfg = Debug|Any CPU
		{E9E25B62-8C84-43FD-BF35-57B33843CDA9}.Debug|Any CPU.Build.0 = Debug|Any CPU
		{E9E25B62-8C84-43FD-BF35-57B33843CDA9}.Release|Any CPU.ActiveCfg = Release|Any CPU
		{E9E25B62-8C84-43FD-BF35-57B33843CDA9}.Release|Any CPU.Build.0 = Release|Any CPU
		{D1708660-F198-4D88-A132-FFB00B86659F}.Debug|Any CPU.ActiveCfg = Debug|Any CPU
		{D1708660-F198-4D88-A132-FFB00B86659F}.Debug|Any CPU.Build.0 = Debug|Any CPU
		{D1708660-F198-4D88-A132-FFB00B86659F}.Release|Any CPU.ActiveCfg = Release|Any CPU
		{D1708660-F198-4D88-A132-FFB00B86659F}.Release|Any CPU.Build.0 = Release|Any CPU
		{D654E642-B6D5-408C-A95B-D026E97FF067}.Debug|Any CPU.ActiveCfg = Debug|Any CPU
		{D654E642-B6D5-408C-A95B-D026E97FF067}.Debug|Any CPU.Build.0 = Debug|Any CPU
		{D654E642-B6D5-408C-A95B-D026E97FF067}.Release|Any CPU.ActiveCfg = Release|Any CPU
		{D654E642-B6D5-408C-A95B-D026E97FF067}.Release|Any CPU.Build.0 = Release|Any CPU
		{4556B6FA-7571-4B04-8586-13C53E3F5C49}.Debug|Any CPU.ActiveCfg = Debug|Any CPU
		{4556B6FA-7571-4B04-8586-13C53E3F5C49}.Debug|Any CPU.Build.0 = Debug|Any CPU
		{4556B6FA-7571-4B04-8586-13C53E3F5C49}.Release|Any CPU.ActiveCfg = Release|Any CPU
		{4556B6FA-7571-4B04-8586-13C53E3F5C49}.Release|Any CPU.Build.0 = Release|Any CPU
		{3526C29D-637C-4F3A-91C7-A2DB84AAA011}.Debug|Any CPU.ActiveCfg = Debug|Any CPU
		{3526C29D-637C-4F3A-91C7-A2DB84AAA011}.Debug|Any CPU.Build.0 = Debug|Any CPU
		{3526C29D-637C-4F3A-91C7-A2DB84AAA011}.Release|Any CPU.ActiveCfg = Release|Any CPU
		{3526C29D-637C-4F3A-91C7-A2DB84AAA011}.Release|Any CPU.Build.0 = Release|Any CPU
	EndGlobalSection
	GlobalSection(SolutionProperties) = preSolution
		HideSolutionNode = FALSE
	EndGlobalSection
	GlobalSection(ExtensibilityGlobals) = postSolution
		SolutionGuid = {78E5A0C9-ABF3-49AF-B2E1-A22473713622}
	EndGlobalSection
EndGlobal
